
Microsoft Visual Studio Solution File, Format Version 12.00
# Visual Studio Version 17
VisualStudioVersion = 17.3.32811.315
MinimumVisualStudioVersion = 10.0.40219.1
Project("{9A19103F-16F7-4668-BE54-9A1E7A4F7556}") = "SplitStrings", "SplitStrings\SplitStrings.csproj", "{4951DF0C-E07B-47B0-B4E5-932D980CFA82}"
EndProject
Project("{9A19103F-16F7-4668-BE54-9A1E7A4F7556}") = "SumOfDigits", "SumOfDigits\SumOfDigits.csproj", "{C5401232-A249-40CC-8375-244793CBEBE3}"
EndProject
Project("{9A19103F-16F7-4668-BE54-9A1E7A4F7556}") = "YourOrder-Please", "YourOrder-Please\YourOrder-Please.csproj", "{EBA5BF80-8B8E-492A-A615-60DE9FA5D877}"
EndProject
Project("{9A19103F-16F7-4668-BE54-9A1E7A4F7556}") = "RomanNumeralsEncoder", "RomanNumeralsEncoder\RomanNumeralsEncoder.csproj", "{D6F8599F-D559-43B0-ABE7-444DADDCC230}"
EndProject
Project("{9A19103F-16F7-4668-BE54-9A1E7A4F7556}") = "CreatePhoneNumber", "CreatePhoneNumber\CreatePhoneNumber.csproj", "{35948702-8A2D-4F88-A789-3B998201B7FC}"
EndProject
Project("{9A19103F-16F7-4668-BE54-9A1E7A4F7556}") = "MovingZerosToTheEnd", "MovingZerosToTheEnd\MovingZerosToTheEnd.csproj", "{CE3E7E2C-EFE5-47B6-9257-35328E0CB45E}"
EndProject
Project("{9A19103F-16F7-4668-BE54-9A1E7A4F7556}") = "FindMissingArithmeticProgression", "FindMissingArithmeticProgression\FindMissingArithmeticProgression.csproj", "{BA8A4D43-5EAF-44E9-91A1-22703588E6D4}"
EndProject
Project("{9A19103F-16F7-4668-BE54-9A1E7A4F7556}") = "FindTheOddInt", "FindTheOddInt\FindTheOddInt.csproj", "{B0E92684-C4B8-43EA-B6DE-882DA3534B46}"
EndProject
Project("{9A19103F-16F7-4668-BE54-9A1E7A4F7556}") = "FirstNonRepeatingCharacter", "FirstNonRepeatingCharacter\FirstNonRepeatingCharacter.csproj", "{934B5A3F-B1EC-4156-B8BA-E72E5E59AFD6}"
EndProject
Project("{9A19103F-16F7-4668-BE54-9A1E7A4F7556}") = "AddingBigNumbers", "AddingBigNumbers\AddingBigNumbers.csproj", "{E4A57BFC-1303-462D-A395-0C75F257C99F}"
EndProject
Project("{9A19103F-16F7-4668-BE54-9A1E7A4F7556}") = "PyramidSlideDown", "PyramidSlideDown\PyramidSlideDown.csproj", "{BE9B6473-EF1F-4CCC-B040-2EBDC12A64B0}"
EndProject
Project("{9A19103F-16F7-4668-BE54-9A1E7A4F7556}") = "RGBToHexConversion", "RGBToHexConversion\RGBToHexConversion.csproj", "{BFF7B69D-7C79-4AC5-BEAB-3B7EF1B4EAEF}"
EndProject
Project("{9A19103F-16F7-4668-BE54-9A1E7A4F7556}") = "RomanNumerals", "RomanNumerals\RomanNumerals.csproj", "{C1719D5C-6BAE-43D9-9518-BBA330D35C54}"
EndProject
Project("{9A19103F-16F7-4668-BE54-9A1E7A4F7556}") = "BinaryMultipleOf3", "BinaryMultipleOf3\BinaryMultipleOf3.csproj", "{4CD27A9C-CC9F-48CA-94F7-CBDDD633D5F9}"
EndProject
Project("{9A19103F-16F7-4668-BE54-9A1E7A4F7556}") = "PaginationHelper", "PaginationHelper\PaginationHelper.csproj", "{17126EE7-1B42-4217-A369-03E795F5975C}"
EndProject
Project("{9A19103F-16F7-4668-BE54-9A1E7A4F7556}") = "Graph", "Graph\Graph.csproj", "{6CF6A211-8220-4843-80CA-D5D9DD6AC555}"
EndProject
Project("{9A19103F-16F7-4668-BE54-9A1E7A4F7556}") = "InsertInArrays", "Arrays\InsertInArrays.csproj", "{9211BF13-8FCB-445A-BD41-45EEC8DDB072}"
EndProject
Project("{9A19103F-16F7-4668-BE54-9A1E7A4F7556}") = "MergeArray", "MergeArray\MergeArray.csproj", "{2E051A9A-8321-4E08-B147-A2B0A328456B}"
EndProject
Project("{9A19103F-16F7-4668-BE54-9A1E7A4F7556}") = "RemoveElementFromArray", "RemoveElement\RemoveElementFromArray.csproj", "{BFFEE29D-F7A4-4F5C-8E24-7A7913D58802}"
EndProject
Project("{2150E333-8FDC-42A3-9474-1A3956D46DE8}") = "Arrays", "Arrays", "{E39CAA02-8C7E-4A94-826F-CAD6CFCE882C}"
EndProject
Global
	GlobalSection(SolutionConfigurationPlatforms) = preSolution
		Debug|Any CPU = Debug|Any CPU
		Release|Any CPU = Release|Any CPU
	EndGlobalSection
	GlobalSection(ProjectConfigurationPlatforms) = postSolution
		{4951DF0C-E07B-47B0-B4E5-932D980CFA82}.Debug|Any CPU.ActiveCfg = Debug|Any CPU
		{4951DF0C-E07B-47B0-B4E5-932D980CFA82}.Debug|Any CPU.Build.0 = Debug|Any CPU
		{4951DF0C-E07B-47B0-B4E5-932D980CFA82}.Release|Any CPU.ActiveCfg = Release|Any CPU
		{4951DF0C-E07B-47B0-B4E5-932D980CFA82}.Release|Any CPU.Build.0 = Release|Any CPU
		{C5401232-A249-40CC-8375-244793CBEBE3}.Debug|Any CPU.ActiveCfg = Debug|Any CPU
		{C5401232-A249-40CC-8375-244793CBEBE3}.Debug|Any CPU.Build.0 = Debug|Any CPU
		{C5401232-A249-40CC-8375-244793CBEBE3}.Release|Any CPU.ActiveCfg = Release|Any CPU
		{C5401232-A249-40CC-8375-244793CBEBE3}.Release|Any CPU.Build.0 = Release|Any CPU
		{EBA5BF80-8B8E-492A-A615-60DE9FA5D877}.Debug|Any CPU.ActiveCfg = Debug|Any CPU
		{EBA5BF80-8B8E-492A-A615-60DE9FA5D877}.Debug|Any CPU.Build.0 = Debug|Any CPU
		{EBA5BF80-8B8E-492A-A615-60DE9FA5D877}.Release|Any CPU.ActiveCfg = Release|Any CPU
		{EBA5BF80-8B8E-492A-A615-60DE9FA5D877}.Release|Any CPU.Build.0 = Release|Any CPU
		{D6F8599F-D559-43B0-ABE7-444DADDCC230}.Debug|Any CPU.ActiveCfg = Debug|Any CPU
		{D6F8599F-D559-43B0-ABE7-444DADDCC230}.Debug|Any CPU.Build.0 = Debug|Any CPU
		{D6F8599F-D559-43B0-ABE7-444DADDCC230}.Release|Any CPU.ActiveCfg = Release|Any CPU
		{D6F8599F-D559-43B0-ABE7-444DADDCC230}.Release|Any CPU.Build.0 = Release|Any CPU
		{35948702-8A2D-4F88-A789-3B998201B7FC}.Debug|Any CPU.ActiveCfg = Debug|Any CPU
		{35948702-8A2D-4F88-A789-3B998201B7FC}.Debug|Any CPU.Build.0 = Debug|Any CPU
		{35948702-8A2D-4F88-A789-3B998201B7FC}.Release|Any CPU.ActiveCfg = Release|Any CPU
		{35948702-8A2D-4F88-A789-3B998201B7FC}.Release|Any CPU.Build.0 = Release|Any CPU
		{CE3E7E2C-EFE5-47B6-9257-35328E0CB45E}.Debug|Any CPU.ActiveCfg = Debug|Any CPU
		{CE3E7E2C-EFE5-47B6-9257-35328E0CB45E}.Debug|Any CPU.Build.0 = Debug|Any CPU
		{CE3E7E2C-EFE5-47B6-9257-35328E0CB45E}.Release|Any CPU.ActiveCfg = Release|Any CPU
		{CE3E7E2C-EFE5-47B6-9257-35328E0CB45E}.Release|Any CPU.Build.0 = Release|Any CPU
		{BA8A4D43-5EAF-44E9-91A1-22703588E6D4}.Debug|Any CPU.ActiveCfg = Debug|Any CPU
		{BA8A4D43-5EAF-44E9-91A1-22703588E6D4}.Debug|Any CPU.Build.0 = Debug|Any CPU
		{BA8A4D43-5EAF-44E9-91A1-22703588E6D4}.Release|Any CPU.ActiveCfg = Release|Any CPU
		{BA8A4D43-5EAF-44E9-91A1-22703588E6D4}.Release|Any CPU.Build.0 = Release|Any CPU
		{B0E92684-C4B8-43EA-B6DE-882DA3534B46}.Debug|Any CPU.ActiveCfg = Debug|Any CPU
		{B0E92684-C4B8-43EA-B6DE-882DA3534B46}.Debug|Any CPU.Build.0 = Debug|Any CPU
		{B0E92684-C4B8-43EA-B6DE-882DA3534B46}.Release|Any CPU.ActiveCfg = Release|Any CPU
		{B0E92684-C4B8-43EA-B6DE-882DA3534B46}.Release|Any CPU.Build.0 = Release|Any CPU
		{934B5A3F-B1EC-4156-B8BA-E72E5E59AFD6}.Debug|Any CPU.ActiveCfg = Debug|Any CPU
		{934B5A3F-B1EC-4156-B8BA-E72E5E59AFD6}.Debug|Any CPU.Build.0 = Debug|Any CPU
		{934B5A3F-B1EC-4156-B8BA-E72E5E59AFD6}.Release|Any CPU.ActiveCfg = Release|Any CPU
		{934B5A3F-B1EC-4156-B8BA-E72E5E59AFD6}.Release|Any CPU.Build.0 = Release|Any CPU
		{E4A57BFC-1303-462D-A395-0C75F257C99F}.Debug|Any CPU.ActiveCfg = Debug|Any CPU
		{E4A57BFC-1303-462D-A395-0C75F257C99F}.Debug|Any CPU.Build.0 = Debug|Any CPU
		{E4A57BFC-1303-462D-A395-0C75F257C99F}.Release|Any CPU.ActiveCfg = Release|Any CPU
		{E4A57BFC-1303-462D-A395-0C75F257C99F}.Release|Any CPU.Build.0 = Release|Any CPU
		{BE9B6473-EF1F-4CCC-B040-2EBDC12A64B0}.Debug|Any CPU.ActiveCfg = Debug|Any CPU
		{BE9B6473-EF1F-4CCC-B040-2EBDC12A64B0}.Debug|Any CPU.Build.0 = Debug|Any CPU
		{BE9B6473-EF1F-4CCC-B040-2EBDC12A64B0}.Release|Any CPU.ActiveCfg = Release|Any CPU
		{BE9B6473-EF1F-4CCC-B040-2EBDC12A64B0}.Release|Any CPU.Build.0 = Release|Any CPU
		{BFF7B69D-7C79-4AC5-BEAB-3B7EF1B4EAEF}.Debug|Any CPU.ActiveCfg = Debug|Any CPU
		{BFF7B69D-7C79-4AC5-BEAB-3B7EF1B4EAEF}.Debug|Any CPU.Build.0 = Debug|Any CPU
		{BFF7B69D-7C79-4AC5-BEAB-3B7EF1B4EAEF}.Release|Any CPU.ActiveCfg = Release|Any CPU
		{BFF7B69D-7C79-4AC5-BEAB-3B7EF1B4EAEF}.Release|Any CPU.Build.0 = Release|Any CPU
		{C1719D5C-6BAE-43D9-9518-BBA330D35C54}.Debug|Any CPU.ActiveCfg = Debug|Any CPU
		{C1719D5C-6BAE-43D9-9518-BBA330D35C54}.Debug|Any CPU.Build.0 = Debug|Any CPU
		{C1719D5C-6BAE-43D9-9518-BBA330D35C54}.Release|Any CPU.ActiveCfg = Release|Any CPU
		{C1719D5C-6BAE-43D9-9518-BBA330D35C54}.Release|Any CPU.Build.0 = Release|Any CPU
		{4CD27A9C-CC9F-48CA-94F7-CBDDD633D5F9}.Debug|Any CPU.ActiveCfg = Debug|Any CPU
		{4CD27A9C-CC9F-48CA-94F7-CBDDD633D5F9}.Debug|Any CPU.Build.0 = Debug|Any CPU
		{4CD27A9C-CC9F-48CA-94F7-CBDDD633D5F9}.Release|Any CPU.ActiveCfg = Release|Any CPU
		{4CD27A9C-CC9F-48CA-94F7-CBDDD633D5F9}.Release|Any CPU.Build.0 = Release|Any CPU
		{17126EE7-1B42-4217-A369-03E795F5975C}.Debug|Any CPU.ActiveCfg = Debug|Any CPU
		{17126EE7-1B42-4217-A369-03E795F5975C}.Debug|Any CPU.Build.0 = Debug|Any CPU
		{17126EE7-1B42-4217-A369-03E795F5975C}.Release|Any CPU.ActiveCfg = Release|Any CPU
		{17126EE7-1B42-4217-A369-03E795F5975C}.Release|Any CPU.Build.0 = Release|Any CPU
		{6CF6A211-8220-4843-80CA-D5D9DD6AC555}.Debug|Any CPU.ActiveCfg = Debug|Any CPU
		{6CF6A211-8220-4843-80CA-D5D9DD6AC555}.Debug|Any CPU.Build.0 = Debug|Any CPU
		{6CF6A211-8220-4843-80CA-D5D9DD6AC555}.Release|Any CPU.ActiveCfg = Release|Any CPU
		{6CF6A211-8220-4843-80CA-D5D9DD6AC555}.Release|Any CPU.Build.0 = Release|Any CPU
		{9211BF13-8FCB-445A-BD41-45EEC8DDB072}.Debug|Any CPU.ActiveCfg = Debug|Any CPU
		{9211BF13-8FCB-445A-BD41-45EEC8DDB072}.Debug|Any CPU.Build.0 = Debug|Any CPU
		{9211BF13-8FCB-445A-BD41-45EEC8DDB072}.Release|Any CPU.ActiveCfg = Release|Any CPU
		{9211BF13-8FCB-445A-BD41-45EEC8DDB072}.Release|Any CPU.Build.0 = Release|Any CPU
		{2E051A9A-8321-4E08-B147-A2B0A328456B}.Debug|Any CPU.ActiveCfg = Debug|Any CPU
		{2E051A9A-8321-4E08-B147-A2B0A328456B}.Debug|Any CPU.Build.0 = Debug|Any CPU
		{2E051A9A-8321-4E08-B147-A2B0A328456B}.Release|Any CPU.ActiveCfg = Release|Any CPU
		{2E051A9A-8321-4E08-B147-A2B0A328456B}.Release|Any CPU.Build.0 = Release|Any CPU
		{BFFEE29D-F7A4-4F5C-8E24-7A7913D58802}.Debug|Any CPU.ActiveCfg = Debug|Any CPU
		{BFFEE29D-F7A4-4F5C-8E24-7A7913D58802}.Debug|Any CPU.Build.0 = Debug|Any CPU
		{BFFEE29D-F7A4-4F5C-8E24-7A7913D58802}.Release|Any CPU.ActiveCfg = Release|Any CPU
		{BFFEE29D-F7A4-4F5C-8E24-7A7913D58802}.Release|Any CPU.Build.0 = Release|Any CPU
	EndGlobalSection
	GlobalSection(SolutionProperties) = preSolution
		HideSolutionNode = FALSE
	EndGlobalSection
	GlobalSection(NestedProjects) = preSolution
		{CE3E7E2C-EFE5-47B6-9257-35328E0CB45E} = {E39CAA02-8C7E-4A94-826F-CAD6CFCE882C}
		{2E051A9A-8321-4E08-B147-A2B0A328456B} = {E39CAA02-8C7E-4A94-826F-CAD6CFCE882C}
		{BFFEE29D-F7A4-4F5C-8E24-7A7913D58802} = {E39CAA02-8C7E-4A94-826F-CAD6CFCE882C}
	EndGlobalSection
	GlobalSection(ExtensibilityGlobals) = postSolution
		SolutionGuid = {73D36F8E-0E57-416E-BB67-BDEAADCDE5AA}
	EndGlobalSection
EndGlobal
