
Microsoft Visual Studio Solution File, Format Version 12.00
# Visual Studio Version 17
VisualStudioVersion = 17.3.32811.315
MinimumVisualStudioVersion = 10.0.40219.1
Project("{2150E333-8FDC-42A3-9474-1A3956D46DE8}") = "Arrays", "Arrays", "{E39CAA02-8C7E-4A94-826F-CAD6CFCE882C}"
EndProject
Project("{9A19103F-16F7-4668-BE54-9A1E7A4F7556}") = "MergeArrays", "Arrays\MergeArrays\MergeArrays.csproj", "{50C0B165-EF37-4E35-9E39-102707A0FACE}"
EndProject
Project("{9A19103F-16F7-4668-BE54-9A1E7A4F7556}") = "InsertInArrays", "Arrays\InsertInArrays\InsertInArrays.csproj", "{C2EAEA91-B59F-4A49-B02F-467BA231D2A7}"
EndProject
Project("{9A19103F-16F7-4668-BE54-9A1E7A4F7556}") = "RemoveElementFromArrays", "Arrays\RemoveElementFromArrays\RemoveElementFromArrays.csproj", "{AFD3E759-A31A-4127-93DA-B945B54157EC}"
EndProject
Project("{9A19103F-16F7-4668-BE54-9A1E7A4F7556}") = "MovingZerosToTheEnd", "Arrays\MovingZerosToTheEnd\MovingZerosToTheEnd.csproj", "{853F6D4C-EB54-4F4D-A119-63BE12074B9A}"
EndProject
Project("{9A19103F-16F7-4668-BE54-9A1E7A4F7556}") = "SearchingInArray", "Arrays\SearchingInArray\SearchingInArray.csproj", "{196D2DAF-C986-41E0-B497-BA67CD9C7FC2}"
EndProject
Project("{9A19103F-16F7-4668-BE54-9A1E7A4F7556}") = "ValidMountainArray", "Arrays\ValidMountainArray\ValidMountainArray.csproj", "{98423CCD-2E08-4B76-AA90-5956F18E06B5}"
EndProject
Project("{9A19103F-16F7-4668-BE54-9A1E7A4F7556}") = "ReplaceElementsWithGreatestElement", "Arrays\ReplaceElementsWithGreatestElement\ReplaceElementsWithGreatestElement.csproj", "{E870BCFC-A928-4069-AA13-39FA6F51DF16}"
EndProject
Project("{2150E333-8FDC-42A3-9474-1A3956D46DE8}") = "Binary", "Binary", "{C013973C-7C21-43C0-A538-F9CD59C56D47}"
EndProject
Project("{9A19103F-16F7-4668-BE54-9A1E7A4F7556}") = "Palindrome", "Binary\Palindrome\Palindrome.csproj", "{DDA8D376-DE26-4CDD-8279-E3A4BF7044BC}"
EndProject
Project("{9A19103F-16F7-4668-BE54-9A1E7A4F7556}") = "Alternating", "Binary\Alternating\Alternating.csproj", "{0D0CF4EE-AD22-40C1-AF67-482BC36728E7}"
EndProject
Project("{2150E333-8FDC-42A3-9474-1A3956D46DE8}") = "MainMeanings", "MainMeanings", "{76E334AD-CA5E-48C1-8436-9D7725B733EC}"
EndProject
Project("{9A19103F-16F7-4668-BE54-9A1E7A4F7556}") = "AbstractDataTypes", "MainMeanings\AbstractDataTypes\AbstractDataTypes.csproj", "{2145FC4E-F64D-4F97-869C-00A5ADA6D364}"
EndProject
Project("{9A19103F-16F7-4668-BE54-9A1E7A4F7556}") = "TimeComplexity", "MainMeanings\TimeComplexity\TimeComplexity.csproj", "{454C338F-D004-446F-9131-6280E542426E}"
EndProject
Project("{9A19103F-16F7-4668-BE54-9A1E7A4F7556}") = "MoveZeroesInPlace", "Arrays\MoveZeroesInPlace\MoveZeroesInPlace.csproj", "{DE039C53-5645-439C-8A17-5C1B13118238}"
EndProject
Project("{9A19103F-16F7-4668-BE54-9A1E7A4F7556}") = "SortArraysByParity", "Arrays\SortArraysByParity\SortArraysByParity.csproj", "{F16348C0-0D2A-4E67-AB68-345DE629BFFE}"
EndProject
Project("{9A19103F-16F7-4668-BE54-9A1E7A4F7556}") = "LinkedList", "MainMeanings\LinkedList\LinkedList.csproj", "{285DF077-ECE8-4D5C-B064-F21239186831}"
EndProject
Project("{9A19103F-16F7-4668-BE54-9A1E7A4F7556}") = "HeightChecker", "Arrays\HeightChecker\HeightChecker.csproj", "{571013ED-90B5-489E-A60A-C775EA5A4EDD}"
EndProject
Project("{9A19103F-16F7-4668-BE54-9A1E7A4F7556}") = "Stack", "MainMeanings\Stack\Stack.csproj", "{5C5D3557-FA1D-4ADE-AD67-2B68C63377D1}"
EndProject
Project("{2150E333-8FDC-42A3-9474-1A3956D46DE8}") = "Stack", "Stack", "{1C600227-CBF4-4D54-A5CF-08EB87AC6648}"
EndProject
Project("{9A19103F-16F7-4668-BE54-9A1E7A4F7556}") = "ValidParentheses", "Stack\ValidParentheses\ValidParentheses.csproj", "{4E3315B6-11A5-4FDA-A3CB-D4332E092256}"
EndProject
Project("{9A19103F-16F7-4668-BE54-9A1E7A4F7556}") = "DailyTemperatures", "Stack\DailyTemperatures\DailyTemperatures.csproj", "{647056AB-A33D-4D57-864F-9380BC605B86}"
EndProject
Project("{9A19103F-16F7-4668-BE54-9A1E7A4F7556}") = "FirstMissingPositive", "Arrays\FirstMissingPositive\FirstMissingPositive.csproj", "{F7C73407-7153-45F2-BE6D-3A07AC560B5F}"
EndProject
Project("{2150E333-8FDC-42A3-9474-1A3956D46DE8}") = "Queue", "Queue", "{74A1EEA3-514F-49E5-B912-FBE423255F02}"
EndProject
Project("{9A19103F-16F7-4668-BE54-9A1E7A4F7556}") = "Queue", "MainMeanings\Queue\Queue.csproj", "{F2D18DBB-8F4D-4366-B87D-DE2003A447E2}"
EndProject
Project("{9A19103F-16F7-4668-BE54-9A1E7A4F7556}") = "NumberOfRecentCalls", "Queue\NumberOfRecentCalls\NumberOfRecentCalls.csproj", "{4B588080-4D21-4A06-8D38-ED10FDA1A761}"
EndProject
Project("{9A19103F-16F7-4668-BE54-9A1E7A4F7556}") = "ReverseLinkedList", "LinkedList\RecerseLinkedList\ReverseLinkedList.csproj", "{128A381C-125A-43FA-9855-2A381B36771C}"
EndProject
Project("{9A19103F-16F7-4668-BE54-9A1E7A4F7556}") = "ReverseLinkedList2", "LinkedList\ReverseLinkedList2\ReverseLinkedList2.csproj", "{F0E63BBA-95C7-44CA-B945-531E43405DAC}"
EndProject
Project("{2150E333-8FDC-42A3-9474-1A3956D46DE8}") = "LinkedList", "LinkedList", "{629961D5-3356-467E-8234-84401994B41B}"
EndProject
Project("{9A19103F-16F7-4668-BE54-9A1E7A4F7556}") = "LinkedListCycle", "LinkedList\LinkedListCycle\LinkedListCycle.csproj", "{AE8DE925-5794-413F-86DB-6E96991671AB}"
EndProject
Project("{9A19103F-16F7-4668-BE54-9A1E7A4F7556}") = "EvaluateReversePolishNotation", "Stack\EvaluateReversePolishNotation\EvaluateReversePolishNotation.csproj", "{2EE7FF3D-357E-4BBA-80A9-C73E65E7FE5C}"
EndProject
Project("{9A19103F-16F7-4668-BE54-9A1E7A4F7556}") = "ImplementStackUsingQueues", "Queue\ImplementStackUsingQueues\ImplementStackUsingQueues.csproj", "{AD683830-9D15-425D-8428-62B1DD4853E0}"
EndProject
Project("{9A19103F-16F7-4668-BE54-9A1E7A4F7556}") = "HashTable", "MainMeanings\HashTable\HashTable.csproj", "{6B34CBD4-CA17-4755-B630-01195EC5F42C}"
EndProject
Project("{2150E333-8FDC-42A3-9474-1A3956D46DE8}") = "HashTable", "HashTable", "{B55811A5-C676-4FAC-8B10-FBB20DE2E772}"
EndProject
Project("{9A19103F-16F7-4668-BE54-9A1E7A4F7556}") = "TwoSum", "HashTable\TwoSum\TwoSum.csproj", "{0E8B1677-8EA9-4C48-AFF3-A2D382FA05F1}"
EndProject
Project("{9A19103F-16F7-4668-BE54-9A1E7A4F7556}") = "ValidAnagram", "HashTable\ValidAnagram\ValidAnagram.csproj", "{390D025E-3AAE-4C59-85B0-8DD725E8C2E5}"
EndProject
Project("{9A19103F-16F7-4668-BE54-9A1E7A4F7556}") = "Tree", "MainMeanings\Tree\Tree.csproj", "{E330BCB2-C551-473F-84F6-F20ABD85A9CA}"
EndProject
Project("{2150E333-8FDC-42A3-9474-1A3956D46DE8}") = "Tree", "Tree", "{A5DC0424-9AEF-44F5-9280-109C14B6941D}"
EndProject
Project("{9A19103F-16F7-4668-BE54-9A1E7A4F7556}") = "BinaryTreeInorderTraversal", "Tree\BinaryTreeInorderTraversal\BinaryTreeInorderTraversal.csproj", "{36B889EC-7539-40E9-AACB-16C89A23B662}"
EndProject
Project("{9A19103F-16F7-4668-BE54-9A1E7A4F7556}") = "DFS_BFS", "Tree\DFS_BFS\DFS_BFS.csproj", "{9D6244EC-8520-40E7-9752-33DA03B3A1B8}"
EndProject
Project("{9A19103F-16F7-4668-BE54-9A1E7A4F7556}") = "MaximumDepthOfBinaryTree", "Tree\MaximumDepthOfBinaryTree\MaximumDepthOfBinaryTree.csproj", "{4985C61A-8C6C-443B-9F17-97F56B0BE35E}"
EndProject
Project("{9A19103F-16F7-4668-BE54-9A1E7A4F7556}") = "BalancedBinaryTree", "Tree\BalancedBinaryTree\BalancedBinaryTree.csproj", "{3860513D-9E02-491E-AEBC-6FC478AE7FDC}"
EndProject
Project("{9A19103F-16F7-4668-BE54-9A1E7A4F7556}") = "InvertBinaryTree", "Tree\InvertBinaryTree\InvertBinaryTree.csproj", "{F913D126-D20A-4DE7-8830-02366248CB50}"
EndProject
Project("{9A19103F-16F7-4668-BE54-9A1E7A4F7556}") = "BinarySearchTree", "Tree\BinarySearchTree\BinarySearchTree.csproj", "{4EA57438-7AC2-4E99-8D54-389AC1206EA5}"
EndProject
Project("{9A19103F-16F7-4668-BE54-9A1E7A4F7556}") = "ValidateBinarySearchTree", "Tree\ValidateBinarySearchTree\ValidateBinarySearchTree.csproj", "{682F3B39-16DD-4B06-BF1C-08F1F17C46DF}"
EndProject
Project("{9A19103F-16F7-4668-BE54-9A1E7A4F7556}") = "BinaryMultipleOf3", "Binary\BinaryMultipleOf3\BinaryMultipleOf3.csproj", "{F5C8A384-DF54-4C7D-A2C6-30071E92081B}"
EndProject
Project("{2150E333-8FDC-42A3-9474-1A3956D46DE8}") = "Free", "Free", "{08885E03-202E-427E-812E-49D7FD7263E1}"
EndProject
Project("{9A19103F-16F7-4668-BE54-9A1E7A4F7556}") = "FindTheOddInt", "Free\FindTheOddInt\FindTheOddInt.csproj", "{7E2CB448-0707-4D51-8879-BB60B270F5B9}"
EndProject
Project("{9A19103F-16F7-4668-BE54-9A1E7A4F7556}") = "AddingBigNumbers", "Free\AddingBigNumbers\AddingBigNumbers.csproj", "{FF03592C-E9DB-4485-9B35-1D58BA4B15DA}"
EndProject
Project("{9A19103F-16F7-4668-BE54-9A1E7A4F7556}") = "YourOrder-Please", "Free\YourOrder-Please\YourOrder-Please.csproj", "{40C715B0-B3AC-4F76-8DB5-3BE8872D4703}"
EndProject
Project("{9A19103F-16F7-4668-BE54-9A1E7A4F7556}") = "PyramidSlideDown", "Free\PyramidSlideDown\PyramidSlideDown.csproj", "{DD8B942C-AAEE-46C1-8ABE-B0CDFDB06870}"
EndProject
Project("{9A19103F-16F7-4668-BE54-9A1E7A4F7556}") = "PaginationHelper", "Free\PaginationHelper\PaginationHelper.csproj", "{A4C73D5D-BF79-48C8-801C-432B68D26B5F}"
EndProject
Project("{9A19103F-16F7-4668-BE54-9A1E7A4F7556}") = "SplitStrings", "Free\SplitStrings\SplitStrings.csproj", "{66696936-FE62-49A7-A1A4-035E9FE23A81}"
EndProject
Project("{9A19103F-16F7-4668-BE54-9A1E7A4F7556}") = "SumOfDigits", "Free\SumOfDigits\SumOfDigits.csproj", "{B052D045-2604-453B-9DD2-D113E7C3F204}"
EndProject
Project("{9A19103F-16F7-4668-BE54-9A1E7A4F7556}") = "CreatePhoneNumber", "Free\CreatePhoneNumber\CreatePhoneNumber.csproj", "{43FF6BE4-0890-4D5C-A34E-03B1D6198829}"
EndProject
Project("{9A19103F-16F7-4668-BE54-9A1E7A4F7556}") = "RGBToHexConversion", "Free\RGBToHexConversion\RGBToHexConversion.csproj", "{2A9426E5-1E42-419B-86B6-E8D62FBBADA0}"
EndProject
Project("{9A19103F-16F7-4668-BE54-9A1E7A4F7556}") = "RomanNumerals", "Free\RomanNumerals\RomanNumerals.csproj", "{6911CF23-BA83-4803-915A-D50B3D1BD13B}"
EndProject
Project("{9A19103F-16F7-4668-BE54-9A1E7A4F7556}") = "RomanNumeralsEncoder", "Free\RomanNumeralsEncoder\RomanNumeralsEncoder.csproj", "{C733A5F8-88AE-413B-98A8-2CF30E057337}"
EndProject
Project("{9A19103F-16F7-4668-BE54-9A1E7A4F7556}") = "FindMissingArithmeticProgression", "Free\FindMissingArithmeticProgression\FindMissingArithmeticProgression.csproj", "{D512AF5D-F1D0-4D6F-8911-D13BFCF503DD}"
EndProject
Project("{9A19103F-16F7-4668-BE54-9A1E7A4F7556}") = "FirstNonRepeatingCharacter", "Free\FirstNonRepeatingCharacter\FirstNonRepeatingCharacter.csproj", "{BF20281A-A312-4262-A8B6-D06F9868BBAE}"
EndProject
Project("{9A19103F-16F7-4668-BE54-9A1E7A4F7556}") = "HumanReadableTime", "Free\HumanReadableTime\HumanReadableTime.csproj", "{3494F55D-E550-4FB7-B451-01E5E94813E2}"
EndProject
Project("{9A19103F-16F7-4668-BE54-9A1E7A4F7556}") = "UniqueInOrder", "Free\UniqueInOrder\UniqueInOrder.csproj", "{9464BF02-5BFC-472A-A53B-EB8F1D3A7A44}"
EndProject
Project("{2150E333-8FDC-42A3-9474-1A3956D46DE8}") = "SortingArray", "SortingArray", "{C4BCF3D6-7537-485C-99E8-28841BBFD29D}"
EndProject
Project("{FAE04EC0-301F-11D3-BF4B-00C04F79EFBC}") = "BubbleSort", "SortingArray\BubbleSort\BubbleSort.csproj", "{30FB857F-31E1-4BA7-ACBF-C743E9820A4D}"
EndProject
Project("{FAE04EC0-301F-11D3-BF4B-00C04F79EFBC}") = "InsertionSort", "SortingArray\InsertionSort\InsertionSort.csproj", "{F3AF7130-F8D7-45D9-9127-B67660C4CF5D}"
EndProject
Project("{FAE04EC0-301F-11D3-BF4B-00C04F79EFBC}") = "InsertionSortWithLinkedList", "SortingArray\InsertionSortWithLinkedList\InsertionSortWithLinkedList.csproj", "{584FB268-1F5A-47E5-AE6E-1272048D4305}"
EndProject
Global
	GlobalSection(SolutionConfigurationPlatforms) = preSolution
		Debug|Any CPU = Debug|Any CPU
		Release|Any CPU = Release|Any CPU
	EndGlobalSection
	GlobalSection(ProjectConfigurationPlatforms) = postSolution
		{50C0B165-EF37-4E35-9E39-102707A0FACE}.Debug|Any CPU.ActiveCfg = Debug|Any CPU
		{50C0B165-EF37-4E35-9E39-102707A0FACE}.Debug|Any CPU.Build.0 = Debug|Any CPU
		{50C0B165-EF37-4E35-9E39-102707A0FACE}.Release|Any CPU.ActiveCfg = Release|Any CPU
		{50C0B165-EF37-4E35-9E39-102707A0FACE}.Release|Any CPU.Build.0 = Release|Any CPU
		{C2EAEA91-B59F-4A49-B02F-467BA231D2A7}.Debug|Any CPU.ActiveCfg = Debug|Any CPU
		{C2EAEA91-B59F-4A49-B02F-467BA231D2A7}.Debug|Any CPU.Build.0 = Debug|Any CPU
		{C2EAEA91-B59F-4A49-B02F-467BA231D2A7}.Release|Any CPU.ActiveCfg = Release|Any CPU
		{C2EAEA91-B59F-4A49-B02F-467BA231D2A7}.Release|Any CPU.Build.0 = Release|Any CPU
		{AFD3E759-A31A-4127-93DA-B945B54157EC}.Debug|Any CPU.ActiveCfg = Debug|Any CPU
		{AFD3E759-A31A-4127-93DA-B945B54157EC}.Debug|Any CPU.Build.0 = Debug|Any CPU
		{AFD3E759-A31A-4127-93DA-B945B54157EC}.Release|Any CPU.ActiveCfg = Release|Any CPU
		{AFD3E759-A31A-4127-93DA-B945B54157EC}.Release|Any CPU.Build.0 = Release|Any CPU
		{853F6D4C-EB54-4F4D-A119-63BE12074B9A}.Debug|Any CPU.ActiveCfg = Debug|Any CPU
		{853F6D4C-EB54-4F4D-A119-63BE12074B9A}.Debug|Any CPU.Build.0 = Debug|Any CPU
		{853F6D4C-EB54-4F4D-A119-63BE12074B9A}.Release|Any CPU.ActiveCfg = Release|Any CPU
		{853F6D4C-EB54-4F4D-A119-63BE12074B9A}.Release|Any CPU.Build.0 = Release|Any CPU
		{196D2DAF-C986-41E0-B497-BA67CD9C7FC2}.Debug|Any CPU.ActiveCfg = Debug|Any CPU
		{196D2DAF-C986-41E0-B497-BA67CD9C7FC2}.Debug|Any CPU.Build.0 = Debug|Any CPU
		{196D2DAF-C986-41E0-B497-BA67CD9C7FC2}.Release|Any CPU.ActiveCfg = Release|Any CPU
		{196D2DAF-C986-41E0-B497-BA67CD9C7FC2}.Release|Any CPU.Build.0 = Release|Any CPU
		{98423CCD-2E08-4B76-AA90-5956F18E06B5}.Debug|Any CPU.ActiveCfg = Debug|Any CPU
		{98423CCD-2E08-4B76-AA90-5956F18E06B5}.Debug|Any CPU.Build.0 = Debug|Any CPU
		{98423CCD-2E08-4B76-AA90-5956F18E06B5}.Release|Any CPU.ActiveCfg = Release|Any CPU
		{98423CCD-2E08-4B76-AA90-5956F18E06B5}.Release|Any CPU.Build.0 = Release|Any CPU
		{E870BCFC-A928-4069-AA13-39FA6F51DF16}.Debug|Any CPU.ActiveCfg = Debug|Any CPU
		{E870BCFC-A928-4069-AA13-39FA6F51DF16}.Debug|Any CPU.Build.0 = Debug|Any CPU
		{E870BCFC-A928-4069-AA13-39FA6F51DF16}.Release|Any CPU.ActiveCfg = Release|Any CPU
		{E870BCFC-A928-4069-AA13-39FA6F51DF16}.Release|Any CPU.Build.0 = Release|Any CPU
		{DDA8D376-DE26-4CDD-8279-E3A4BF7044BC}.Debug|Any CPU.ActiveCfg = Debug|Any CPU
		{DDA8D376-DE26-4CDD-8279-E3A4BF7044BC}.Debug|Any CPU.Build.0 = Debug|Any CPU
		{DDA8D376-DE26-4CDD-8279-E3A4BF7044BC}.Release|Any CPU.ActiveCfg = Release|Any CPU
		{DDA8D376-DE26-4CDD-8279-E3A4BF7044BC}.Release|Any CPU.Build.0 = Release|Any CPU
		{0D0CF4EE-AD22-40C1-AF67-482BC36728E7}.Debug|Any CPU.ActiveCfg = Debug|Any CPU
		{0D0CF4EE-AD22-40C1-AF67-482BC36728E7}.Debug|Any CPU.Build.0 = Debug|Any CPU
		{0D0CF4EE-AD22-40C1-AF67-482BC36728E7}.Release|Any CPU.ActiveCfg = Release|Any CPU
		{0D0CF4EE-AD22-40C1-AF67-482BC36728E7}.Release|Any CPU.Build.0 = Release|Any CPU
		{2145FC4E-F64D-4F97-869C-00A5ADA6D364}.Debug|Any CPU.ActiveCfg = Debug|Any CPU
		{2145FC4E-F64D-4F97-869C-00A5ADA6D364}.Debug|Any CPU.Build.0 = Debug|Any CPU
		{2145FC4E-F64D-4F97-869C-00A5ADA6D364}.Release|Any CPU.ActiveCfg = Release|Any CPU
		{2145FC4E-F64D-4F97-869C-00A5ADA6D364}.Release|Any CPU.Build.0 = Release|Any CPU
		{454C338F-D004-446F-9131-6280E542426E}.Debug|Any CPU.ActiveCfg = Debug|Any CPU
		{454C338F-D004-446F-9131-6280E542426E}.Debug|Any CPU.Build.0 = Debug|Any CPU
		{454C338F-D004-446F-9131-6280E542426E}.Release|Any CPU.ActiveCfg = Release|Any CPU
		{454C338F-D004-446F-9131-6280E542426E}.Release|Any CPU.Build.0 = Release|Any CPU
		{DE039C53-5645-439C-8A17-5C1B13118238}.Debug|Any CPU.ActiveCfg = Debug|Any CPU
		{DE039C53-5645-439C-8A17-5C1B13118238}.Debug|Any CPU.Build.0 = Debug|Any CPU
		{DE039C53-5645-439C-8A17-5C1B13118238}.Release|Any CPU.ActiveCfg = Release|Any CPU
		{DE039C53-5645-439C-8A17-5C1B13118238}.Release|Any CPU.Build.0 = Release|Any CPU
		{F16348C0-0D2A-4E67-AB68-345DE629BFFE}.Debug|Any CPU.ActiveCfg = Debug|Any CPU
		{F16348C0-0D2A-4E67-AB68-345DE629BFFE}.Debug|Any CPU.Build.0 = Debug|Any CPU
		{F16348C0-0D2A-4E67-AB68-345DE629BFFE}.Release|Any CPU.ActiveCfg = Release|Any CPU
		{F16348C0-0D2A-4E67-AB68-345DE629BFFE}.Release|Any CPU.Build.0 = Release|Any CPU
		{285DF077-ECE8-4D5C-B064-F21239186831}.Debug|Any CPU.ActiveCfg = Debug|Any CPU
		{285DF077-ECE8-4D5C-B064-F21239186831}.Debug|Any CPU.Build.0 = Debug|Any CPU
		{285DF077-ECE8-4D5C-B064-F21239186831}.Release|Any CPU.ActiveCfg = Release|Any CPU
		{285DF077-ECE8-4D5C-B064-F21239186831}.Release|Any CPU.Build.0 = Release|Any CPU
		{571013ED-90B5-489E-A60A-C775EA5A4EDD}.Debug|Any CPU.ActiveCfg = Debug|Any CPU
		{571013ED-90B5-489E-A60A-C775EA5A4EDD}.Debug|Any CPU.Build.0 = Debug|Any CPU
		{571013ED-90B5-489E-A60A-C775EA5A4EDD}.Release|Any CPU.ActiveCfg = Release|Any CPU
		{571013ED-90B5-489E-A60A-C775EA5A4EDD}.Release|Any CPU.Build.0 = Release|Any CPU
		{5C5D3557-FA1D-4ADE-AD67-2B68C63377D1}.Debug|Any CPU.ActiveCfg = Debug|Any CPU
		{5C5D3557-FA1D-4ADE-AD67-2B68C63377D1}.Debug|Any CPU.Build.0 = Debug|Any CPU
		{5C5D3557-FA1D-4ADE-AD67-2B68C63377D1}.Release|Any CPU.ActiveCfg = Release|Any CPU
		{5C5D3557-FA1D-4ADE-AD67-2B68C63377D1}.Release|Any CPU.Build.0 = Release|Any CPU
		{4E3315B6-11A5-4FDA-A3CB-D4332E092256}.Debug|Any CPU.ActiveCfg = Debug|Any CPU
		{4E3315B6-11A5-4FDA-A3CB-D4332E092256}.Debug|Any CPU.Build.0 = Debug|Any CPU
		{4E3315B6-11A5-4FDA-A3CB-D4332E092256}.Release|Any CPU.ActiveCfg = Release|Any CPU
		{4E3315B6-11A5-4FDA-A3CB-D4332E092256}.Release|Any CPU.Build.0 = Release|Any CPU
		{647056AB-A33D-4D57-864F-9380BC605B86}.Debug|Any CPU.ActiveCfg = Debug|Any CPU
		{647056AB-A33D-4D57-864F-9380BC605B86}.Debug|Any CPU.Build.0 = Debug|Any CPU
		{647056AB-A33D-4D57-864F-9380BC605B86}.Release|Any CPU.ActiveCfg = Release|Any CPU
		{647056AB-A33D-4D57-864F-9380BC605B86}.Release|Any CPU.Build.0 = Release|Any CPU
		{F7C73407-7153-45F2-BE6D-3A07AC560B5F}.Debug|Any CPU.ActiveCfg = Debug|Any CPU
		{F7C73407-7153-45F2-BE6D-3A07AC560B5F}.Debug|Any CPU.Build.0 = Debug|Any CPU
		{F7C73407-7153-45F2-BE6D-3A07AC560B5F}.Release|Any CPU.ActiveCfg = Release|Any CPU
		{F7C73407-7153-45F2-BE6D-3A07AC560B5F}.Release|Any CPU.Build.0 = Release|Any CPU
		{F2D18DBB-8F4D-4366-B87D-DE2003A447E2}.Debug|Any CPU.ActiveCfg = Debug|Any CPU
		{F2D18DBB-8F4D-4366-B87D-DE2003A447E2}.Debug|Any CPU.Build.0 = Debug|Any CPU
		{F2D18DBB-8F4D-4366-B87D-DE2003A447E2}.Release|Any CPU.ActiveCfg = Release|Any CPU
		{F2D18DBB-8F4D-4366-B87D-DE2003A447E2}.Release|Any CPU.Build.0 = Release|Any CPU
		{4B588080-4D21-4A06-8D38-ED10FDA1A761}.Debug|Any CPU.ActiveCfg = Debug|Any CPU
		{4B588080-4D21-4A06-8D38-ED10FDA1A761}.Debug|Any CPU.Build.0 = Debug|Any CPU
		{4B588080-4D21-4A06-8D38-ED10FDA1A761}.Release|Any CPU.ActiveCfg = Release|Any CPU
		{4B588080-4D21-4A06-8D38-ED10FDA1A761}.Release|Any CPU.Build.0 = Release|Any CPU
		{128A381C-125A-43FA-9855-2A381B36771C}.Debug|Any CPU.ActiveCfg = Debug|Any CPU
		{128A381C-125A-43FA-9855-2A381B36771C}.Debug|Any CPU.Build.0 = Debug|Any CPU
		{128A381C-125A-43FA-9855-2A381B36771C}.Release|Any CPU.ActiveCfg = Release|Any CPU
		{128A381C-125A-43FA-9855-2A381B36771C}.Release|Any CPU.Build.0 = Release|Any CPU
		{F0E63BBA-95C7-44CA-B945-531E43405DAC}.Debug|Any CPU.ActiveCfg = Debug|Any CPU
		{F0E63BBA-95C7-44CA-B945-531E43405DAC}.Debug|Any CPU.Build.0 = Debug|Any CPU
		{F0E63BBA-95C7-44CA-B945-531E43405DAC}.Release|Any CPU.ActiveCfg = Release|Any CPU
		{F0E63BBA-95C7-44CA-B945-531E43405DAC}.Release|Any CPU.Build.0 = Release|Any CPU
		{AE8DE925-5794-413F-86DB-6E96991671AB}.Debug|Any CPU.ActiveCfg = Debug|Any CPU
		{AE8DE925-5794-413F-86DB-6E96991671AB}.Debug|Any CPU.Build.0 = Debug|Any CPU
		{AE8DE925-5794-413F-86DB-6E96991671AB}.Release|Any CPU.ActiveCfg = Release|Any CPU
		{AE8DE925-5794-413F-86DB-6E96991671AB}.Release|Any CPU.Build.0 = Release|Any CPU
		{2EE7FF3D-357E-4BBA-80A9-C73E65E7FE5C}.Debug|Any CPU.ActiveCfg = Debug|Any CPU
		{2EE7FF3D-357E-4BBA-80A9-C73E65E7FE5C}.Debug|Any CPU.Build.0 = Debug|Any CPU
		{2EE7FF3D-357E-4BBA-80A9-C73E65E7FE5C}.Release|Any CPU.ActiveCfg = Release|Any CPU
		{2EE7FF3D-357E-4BBA-80A9-C73E65E7FE5C}.Release|Any CPU.Build.0 = Release|Any CPU
		{AD683830-9D15-425D-8428-62B1DD4853E0}.Debug|Any CPU.ActiveCfg = Debug|Any CPU
		{AD683830-9D15-425D-8428-62B1DD4853E0}.Debug|Any CPU.Build.0 = Debug|Any CPU
		{AD683830-9D15-425D-8428-62B1DD4853E0}.Release|Any CPU.ActiveCfg = Release|Any CPU
		{AD683830-9D15-425D-8428-62B1DD4853E0}.Release|Any CPU.Build.0 = Release|Any CPU
		{6B34CBD4-CA17-4755-B630-01195EC5F42C}.Debug|Any CPU.ActiveCfg = Debug|Any CPU
		{6B34CBD4-CA17-4755-B630-01195EC5F42C}.Debug|Any CPU.Build.0 = Debug|Any CPU
		{6B34CBD4-CA17-4755-B630-01195EC5F42C}.Release|Any CPU.ActiveCfg = Release|Any CPU
		{6B34CBD4-CA17-4755-B630-01195EC5F42C}.Release|Any CPU.Build.0 = Release|Any CPU
		{0E8B1677-8EA9-4C48-AFF3-A2D382FA05F1}.Debug|Any CPU.ActiveCfg = Debug|Any CPU
		{0E8B1677-8EA9-4C48-AFF3-A2D382FA05F1}.Debug|Any CPU.Build.0 = Debug|Any CPU
		{0E8B1677-8EA9-4C48-AFF3-A2D382FA05F1}.Release|Any CPU.ActiveCfg = Release|Any CPU
		{0E8B1677-8EA9-4C48-AFF3-A2D382FA05F1}.Release|Any CPU.Build.0 = Release|Any CPU
		{390D025E-3AAE-4C59-85B0-8DD725E8C2E5}.Debug|Any CPU.ActiveCfg = Debug|Any CPU
		{390D025E-3AAE-4C59-85B0-8DD725E8C2E5}.Debug|Any CPU.Build.0 = Debug|Any CPU
		{390D025E-3AAE-4C59-85B0-8DD725E8C2E5}.Release|Any CPU.ActiveCfg = Release|Any CPU
		{390D025E-3AAE-4C59-85B0-8DD725E8C2E5}.Release|Any CPU.Build.0 = Release|Any CPU
		{E330BCB2-C551-473F-84F6-F20ABD85A9CA}.Debug|Any CPU.ActiveCfg = Debug|Any CPU
		{E330BCB2-C551-473F-84F6-F20ABD85A9CA}.Debug|Any CPU.Build.0 = Debug|Any CPU
		{E330BCB2-C551-473F-84F6-F20ABD85A9CA}.Release|Any CPU.ActiveCfg = Release|Any CPU
		{E330BCB2-C551-473F-84F6-F20ABD85A9CA}.Release|Any CPU.Build.0 = Release|Any CPU
		{36B889EC-7539-40E9-AACB-16C89A23B662}.Debug|Any CPU.ActiveCfg = Debug|Any CPU
		{36B889EC-7539-40E9-AACB-16C89A23B662}.Debug|Any CPU.Build.0 = Debug|Any CPU
		{36B889EC-7539-40E9-AACB-16C89A23B662}.Release|Any CPU.ActiveCfg = Release|Any CPU
		{36B889EC-7539-40E9-AACB-16C89A23B662}.Release|Any CPU.Build.0 = Release|Any CPU
		{9D6244EC-8520-40E7-9752-33DA03B3A1B8}.Debug|Any CPU.ActiveCfg = Debug|Any CPU
		{9D6244EC-8520-40E7-9752-33DA03B3A1B8}.Debug|Any CPU.Build.0 = Debug|Any CPU
		{9D6244EC-8520-40E7-9752-33DA03B3A1B8}.Release|Any CPU.ActiveCfg = Release|Any CPU
		{9D6244EC-8520-40E7-9752-33DA03B3A1B8}.Release|Any CPU.Build.0 = Release|Any CPU
		{4985C61A-8C6C-443B-9F17-97F56B0BE35E}.Debug|Any CPU.ActiveCfg = Debug|Any CPU
		{4985C61A-8C6C-443B-9F17-97F56B0BE35E}.Debug|Any CPU.Build.0 = Debug|Any CPU
		{4985C61A-8C6C-443B-9F17-97F56B0BE35E}.Release|Any CPU.ActiveCfg = Release|Any CPU
		{4985C61A-8C6C-443B-9F17-97F56B0BE35E}.Release|Any CPU.Build.0 = Release|Any CPU
		{3860513D-9E02-491E-AEBC-6FC478AE7FDC}.Debug|Any CPU.ActiveCfg = Debug|Any CPU
		{3860513D-9E02-491E-AEBC-6FC478AE7FDC}.Debug|Any CPU.Build.0 = Debug|Any CPU
		{3860513D-9E02-491E-AEBC-6FC478AE7FDC}.Release|Any CPU.ActiveCfg = Release|Any CPU
		{3860513D-9E02-491E-AEBC-6FC478AE7FDC}.Release|Any CPU.Build.0 = Release|Any CPU
		{F913D126-D20A-4DE7-8830-02366248CB50}.Debug|Any CPU.ActiveCfg = Debug|Any CPU
		{F913D126-D20A-4DE7-8830-02366248CB50}.Debug|Any CPU.Build.0 = Debug|Any CPU
		{F913D126-D20A-4DE7-8830-02366248CB50}.Release|Any CPU.ActiveCfg = Release|Any CPU
		{F913D126-D20A-4DE7-8830-02366248CB50}.Release|Any CPU.Build.0 = Release|Any CPU
		{4EA57438-7AC2-4E99-8D54-389AC1206EA5}.Debug|Any CPU.ActiveCfg = Debug|Any CPU
		{4EA57438-7AC2-4E99-8D54-389AC1206EA5}.Debug|Any CPU.Build.0 = Debug|Any CPU
		{4EA57438-7AC2-4E99-8D54-389AC1206EA5}.Release|Any CPU.ActiveCfg = Release|Any CPU
		{4EA57438-7AC2-4E99-8D54-389AC1206EA5}.Release|Any CPU.Build.0 = Release|Any CPU
		{682F3B39-16DD-4B06-BF1C-08F1F17C46DF}.Debug|Any CPU.ActiveCfg = Debug|Any CPU
		{682F3B39-16DD-4B06-BF1C-08F1F17C46DF}.Debug|Any CPU.Build.0 = Debug|Any CPU
		{682F3B39-16DD-4B06-BF1C-08F1F17C46DF}.Release|Any CPU.ActiveCfg = Release|Any CPU
		{682F3B39-16DD-4B06-BF1C-08F1F17C46DF}.Release|Any CPU.Build.0 = Release|Any CPU
		{F5C8A384-DF54-4C7D-A2C6-30071E92081B}.Debug|Any CPU.ActiveCfg = Debug|Any CPU
		{F5C8A384-DF54-4C7D-A2C6-30071E92081B}.Debug|Any CPU.Build.0 = Debug|Any CPU
		{F5C8A384-DF54-4C7D-A2C6-30071E92081B}.Release|Any CPU.ActiveCfg = Release|Any CPU
		{F5C8A384-DF54-4C7D-A2C6-30071E92081B}.Release|Any CPU.Build.0 = Release|Any CPU
		{7E2CB448-0707-4D51-8879-BB60B270F5B9}.Debug|Any CPU.ActiveCfg = Debug|Any CPU
		{7E2CB448-0707-4D51-8879-BB60B270F5B9}.Debug|Any CPU.Build.0 = Debug|Any CPU
		{7E2CB448-0707-4D51-8879-BB60B270F5B9}.Release|Any CPU.ActiveCfg = Release|Any CPU
		{7E2CB448-0707-4D51-8879-BB60B270F5B9}.Release|Any CPU.Build.0 = Release|Any CPU
		{FF03592C-E9DB-4485-9B35-1D58BA4B15DA}.Debug|Any CPU.ActiveCfg = Debug|Any CPU
		{FF03592C-E9DB-4485-9B35-1D58BA4B15DA}.Debug|Any CPU.Build.0 = Debug|Any CPU
		{FF03592C-E9DB-4485-9B35-1D58BA4B15DA}.Release|Any CPU.ActiveCfg = Release|Any CPU
		{FF03592C-E9DB-4485-9B35-1D58BA4B15DA}.Release|Any CPU.Build.0 = Release|Any CPU
		{40C715B0-B3AC-4F76-8DB5-3BE8872D4703}.Debug|Any CPU.ActiveCfg = Debug|Any CPU
		{40C715B0-B3AC-4F76-8DB5-3BE8872D4703}.Debug|Any CPU.Build.0 = Debug|Any CPU
		{40C715B0-B3AC-4F76-8DB5-3BE8872D4703}.Release|Any CPU.ActiveCfg = Release|Any CPU
		{40C715B0-B3AC-4F76-8DB5-3BE8872D4703}.Release|Any CPU.Build.0 = Release|Any CPU
		{DD8B942C-AAEE-46C1-8ABE-B0CDFDB06870}.Debug|Any CPU.ActiveCfg = Debug|Any CPU
		{DD8B942C-AAEE-46C1-8ABE-B0CDFDB06870}.Debug|Any CPU.Build.0 = Debug|Any CPU
		{DD8B942C-AAEE-46C1-8ABE-B0CDFDB06870}.Release|Any CPU.ActiveCfg = Release|Any CPU
		{DD8B942C-AAEE-46C1-8ABE-B0CDFDB06870}.Release|Any CPU.Build.0 = Release|Any CPU
		{A4C73D5D-BF79-48C8-801C-432B68D26B5F}.Debug|Any CPU.ActiveCfg = Debug|Any CPU
		{A4C73D5D-BF79-48C8-801C-432B68D26B5F}.Debug|Any CPU.Build.0 = Debug|Any CPU
		{A4C73D5D-BF79-48C8-801C-432B68D26B5F}.Release|Any CPU.ActiveCfg = Release|Any CPU
		{A4C73D5D-BF79-48C8-801C-432B68D26B5F}.Release|Any CPU.Build.0 = Release|Any CPU
		{66696936-FE62-49A7-A1A4-035E9FE23A81}.Debug|Any CPU.ActiveCfg = Debug|Any CPU
		{66696936-FE62-49A7-A1A4-035E9FE23A81}.Debug|Any CPU.Build.0 = Debug|Any CPU
		{66696936-FE62-49A7-A1A4-035E9FE23A81}.Release|Any CPU.ActiveCfg = Release|Any CPU
		{66696936-FE62-49A7-A1A4-035E9FE23A81}.Release|Any CPU.Build.0 = Release|Any CPU
		{B052D045-2604-453B-9DD2-D113E7C3F204}.Debug|Any CPU.ActiveCfg = Debug|Any CPU
		{B052D045-2604-453B-9DD2-D113E7C3F204}.Debug|Any CPU.Build.0 = Debug|Any CPU
		{B052D045-2604-453B-9DD2-D113E7C3F204}.Release|Any CPU.ActiveCfg = Release|Any CPU
		{B052D045-2604-453B-9DD2-D113E7C3F204}.Release|Any CPU.Build.0 = Release|Any CPU
		{43FF6BE4-0890-4D5C-A34E-03B1D6198829}.Debug|Any CPU.ActiveCfg = Debug|Any CPU
		{43FF6BE4-0890-4D5C-A34E-03B1D6198829}.Debug|Any CPU.Build.0 = Debug|Any CPU
		{43FF6BE4-0890-4D5C-A34E-03B1D6198829}.Release|Any CPU.ActiveCfg = Release|Any CPU
		{43FF6BE4-0890-4D5C-A34E-03B1D6198829}.Release|Any CPU.Build.0 = Release|Any CPU
		{2A9426E5-1E42-419B-86B6-E8D62FBBADA0}.Debug|Any CPU.ActiveCfg = Debug|Any CPU
		{2A9426E5-1E42-419B-86B6-E8D62FBBADA0}.Debug|Any CPU.Build.0 = Debug|Any CPU
		{2A9426E5-1E42-419B-86B6-E8D62FBBADA0}.Release|Any CPU.ActiveCfg = Release|Any CPU
		{2A9426E5-1E42-419B-86B6-E8D62FBBADA0}.Release|Any CPU.Build.0 = Release|Any CPU
		{6911CF23-BA83-4803-915A-D50B3D1BD13B}.Debug|Any CPU.ActiveCfg = Debug|Any CPU
		{6911CF23-BA83-4803-915A-D50B3D1BD13B}.Debug|Any CPU.Build.0 = Debug|Any CPU
		{6911CF23-BA83-4803-915A-D50B3D1BD13B}.Release|Any CPU.ActiveCfg = Release|Any CPU
		{6911CF23-BA83-4803-915A-D50B3D1BD13B}.Release|Any CPU.Build.0 = Release|Any CPU
		{C733A5F8-88AE-413B-98A8-2CF30E057337}.Debug|Any CPU.ActiveCfg = Debug|Any CPU
		{C733A5F8-88AE-413B-98A8-2CF30E057337}.Debug|Any CPU.Build.0 = Debug|Any CPU
		{C733A5F8-88AE-413B-98A8-2CF30E057337}.Release|Any CPU.ActiveCfg = Release|Any CPU
		{C733A5F8-88AE-413B-98A8-2CF30E057337}.Release|Any CPU.Build.0 = Release|Any CPU
		{D512AF5D-F1D0-4D6F-8911-D13BFCF503DD}.Debug|Any CPU.ActiveCfg = Debug|Any CPU
		{D512AF5D-F1D0-4D6F-8911-D13BFCF503DD}.Debug|Any CPU.Build.0 = Debug|Any CPU
		{D512AF5D-F1D0-4D6F-8911-D13BFCF503DD}.Release|Any CPU.ActiveCfg = Release|Any CPU
		{D512AF5D-F1D0-4D6F-8911-D13BFCF503DD}.Release|Any CPU.Build.0 = Release|Any CPU
		{BF20281A-A312-4262-A8B6-D06F9868BBAE}.Debug|Any CPU.ActiveCfg = Debug|Any CPU
		{BF20281A-A312-4262-A8B6-D06F9868BBAE}.Debug|Any CPU.Build.0 = Debug|Any CPU
		{BF20281A-A312-4262-A8B6-D06F9868BBAE}.Release|Any CPU.ActiveCfg = Release|Any CPU
		{BF20281A-A312-4262-A8B6-D06F9868BBAE}.Release|Any CPU.Build.0 = Release|Any CPU
		{3494F55D-E550-4FB7-B451-01E5E94813E2}.Debug|Any CPU.ActiveCfg = Debug|Any CPU
		{3494F55D-E550-4FB7-B451-01E5E94813E2}.Debug|Any CPU.Build.0 = Debug|Any CPU
		{3494F55D-E550-4FB7-B451-01E5E94813E2}.Release|Any CPU.ActiveCfg = Release|Any CPU
		{3494F55D-E550-4FB7-B451-01E5E94813E2}.Release|Any CPU.Build.0 = Release|Any CPU
		{9464BF02-5BFC-472A-A53B-EB8F1D3A7A44}.Debug|Any CPU.ActiveCfg = Debug|Any CPU
		{9464BF02-5BFC-472A-A53B-EB8F1D3A7A44}.Debug|Any CPU.Build.0 = Debug|Any CPU
		{9464BF02-5BFC-472A-A53B-EB8F1D3A7A44}.Release|Any CPU.ActiveCfg = Release|Any CPU
		{9464BF02-5BFC-472A-A53B-EB8F1D3A7A44}.Release|Any CPU.Build.0 = Release|Any CPU
		{30FB857F-31E1-4BA7-ACBF-C743E9820A4D}.Debug|Any CPU.ActiveCfg = Debug|Any CPU
		{30FB857F-31E1-4BA7-ACBF-C743E9820A4D}.Debug|Any CPU.Build.0 = Debug|Any CPU
		{30FB857F-31E1-4BA7-ACBF-C743E9820A4D}.Release|Any CPU.ActiveCfg = Release|Any CPU
		{30FB857F-31E1-4BA7-ACBF-C743E9820A4D}.Release|Any CPU.Build.0 = Release|Any CPU
		{F3AF7130-F8D7-45D9-9127-B67660C4CF5D}.Debug|Any CPU.ActiveCfg = Debug|Any CPU
		{F3AF7130-F8D7-45D9-9127-B67660C4CF5D}.Debug|Any CPU.Build.0 = Debug|Any CPU
		{F3AF7130-F8D7-45D9-9127-B67660C4CF5D}.Release|Any CPU.ActiveCfg = Release|Any CPU
		{F3AF7130-F8D7-45D9-9127-B67660C4CF5D}.Release|Any CPU.Build.0 = Release|Any CPU
		{584FB268-1F5A-47E5-AE6E-1272048D4305}.Debug|Any CPU.ActiveCfg = Debug|Any CPU
		{584FB268-1F5A-47E5-AE6E-1272048D4305}.Debug|Any CPU.Build.0 = Debug|Any CPU
		{584FB268-1F5A-47E5-AE6E-1272048D4305}.Release|Any CPU.ActiveCfg = Release|Any CPU
		{584FB268-1F5A-47E5-AE6E-1272048D4305}.Release|Any CPU.Build.0 = Release|Any CPU
	EndGlobalSection
	GlobalSection(SolutionProperties) = preSolution
		HideSolutionNode = FALSE
	EndGlobalSection
	GlobalSection(NestedProjects) = preSolution
		{50C0B165-EF37-4E35-9E39-102707A0FACE} = {E39CAA02-8C7E-4A94-826F-CAD6CFCE882C}
		{C2EAEA91-B59F-4A49-B02F-467BA231D2A7} = {E39CAA02-8C7E-4A94-826F-CAD6CFCE882C}
		{AFD3E759-A31A-4127-93DA-B945B54157EC} = {E39CAA02-8C7E-4A94-826F-CAD6CFCE882C}
		{853F6D4C-EB54-4F4D-A119-63BE12074B9A} = {E39CAA02-8C7E-4A94-826F-CAD6CFCE882C}
		{196D2DAF-C986-41E0-B497-BA67CD9C7FC2} = {E39CAA02-8C7E-4A94-826F-CAD6CFCE882C}
		{98423CCD-2E08-4B76-AA90-5956F18E06B5} = {E39CAA02-8C7E-4A94-826F-CAD6CFCE882C}
		{E870BCFC-A928-4069-AA13-39FA6F51DF16} = {E39CAA02-8C7E-4A94-826F-CAD6CFCE882C}
		{DDA8D376-DE26-4CDD-8279-E3A4BF7044BC} = {C013973C-7C21-43C0-A538-F9CD59C56D47}
		{0D0CF4EE-AD22-40C1-AF67-482BC36728E7} = {C013973C-7C21-43C0-A538-F9CD59C56D47}
		{2145FC4E-F64D-4F97-869C-00A5ADA6D364} = {76E334AD-CA5E-48C1-8436-9D7725B733EC}
		{454C338F-D004-446F-9131-6280E542426E} = {76E334AD-CA5E-48C1-8436-9D7725B733EC}
		{DE039C53-5645-439C-8A17-5C1B13118238} = {E39CAA02-8C7E-4A94-826F-CAD6CFCE882C}
		{F16348C0-0D2A-4E67-AB68-345DE629BFFE} = {E39CAA02-8C7E-4A94-826F-CAD6CFCE882C}
		{285DF077-ECE8-4D5C-B064-F21239186831} = {76E334AD-CA5E-48C1-8436-9D7725B733EC}
		{571013ED-90B5-489E-A60A-C775EA5A4EDD} = {E39CAA02-8C7E-4A94-826F-CAD6CFCE882C}
		{5C5D3557-FA1D-4ADE-AD67-2B68C63377D1} = {76E334AD-CA5E-48C1-8436-9D7725B733EC}
		{4E3315B6-11A5-4FDA-A3CB-D4332E092256} = {1C600227-CBF4-4D54-A5CF-08EB87AC6648}
		{647056AB-A33D-4D57-864F-9380BC605B86} = {1C600227-CBF4-4D54-A5CF-08EB87AC6648}
		{F7C73407-7153-45F2-BE6D-3A07AC560B5F} = {E39CAA02-8C7E-4A94-826F-CAD6CFCE882C}
		{F2D18DBB-8F4D-4366-B87D-DE2003A447E2} = {76E334AD-CA5E-48C1-8436-9D7725B733EC}
		{4B588080-4D21-4A06-8D38-ED10FDA1A761} = {74A1EEA3-514F-49E5-B912-FBE423255F02}
		{128A381C-125A-43FA-9855-2A381B36771C} = {629961D5-3356-467E-8234-84401994B41B}
		{F0E63BBA-95C7-44CA-B945-531E43405DAC} = {629961D5-3356-467E-8234-84401994B41B}
		{AE8DE925-5794-413F-86DB-6E96991671AB} = {629961D5-3356-467E-8234-84401994B41B}
		{2EE7FF3D-357E-4BBA-80A9-C73E65E7FE5C} = {1C600227-CBF4-4D54-A5CF-08EB87AC6648}
		{AD683830-9D15-425D-8428-62B1DD4853E0} = {74A1EEA3-514F-49E5-B912-FBE423255F02}
		{6B34CBD4-CA17-4755-B630-01195EC5F42C} = {76E334AD-CA5E-48C1-8436-9D7725B733EC}
		{0E8B1677-8EA9-4C48-AFF3-A2D382FA05F1} = {B55811A5-C676-4FAC-8B10-FBB20DE2E772}
		{390D025E-3AAE-4C59-85B0-8DD725E8C2E5} = {B55811A5-C676-4FAC-8B10-FBB20DE2E772}
		{E330BCB2-C551-473F-84F6-F20ABD85A9CA} = {76E334AD-CA5E-48C1-8436-9D7725B733EC}
		{36B889EC-7539-40E9-AACB-16C89A23B662} = {A5DC0424-9AEF-44F5-9280-109C14B6941D}
		{9D6244EC-8520-40E7-9752-33DA03B3A1B8} = {A5DC0424-9AEF-44F5-9280-109C14B6941D}
		{4985C61A-8C6C-443B-9F17-97F56B0BE35E} = {A5DC0424-9AEF-44F5-9280-109C14B6941D}
		{3860513D-9E02-491E-AEBC-6FC478AE7FDC} = {A5DC0424-9AEF-44F5-9280-109C14B6941D}
		{F913D126-D20A-4DE7-8830-02366248CB50} = {A5DC0424-9AEF-44F5-9280-109C14B6941D}
		{4EA57438-7AC2-4E99-8D54-389AC1206EA5} = {A5DC0424-9AEF-44F5-9280-109C14B6941D}
		{682F3B39-16DD-4B06-BF1C-08F1F17C46DF} = {A5DC0424-9AEF-44F5-9280-109C14B6941D}
		{F5C8A384-DF54-4C7D-A2C6-30071E92081B} = {C013973C-7C21-43C0-A538-F9CD59C56D47}
		{7E2CB448-0707-4D51-8879-BB60B270F5B9} = {08885E03-202E-427E-812E-49D7FD7263E1}
		{FF03592C-E9DB-4485-9B35-1D58BA4B15DA} = {08885E03-202E-427E-812E-49D7FD7263E1}
		{40C715B0-B3AC-4F76-8DB5-3BE8872D4703} = {08885E03-202E-427E-812E-49D7FD7263E1}
		{DD8B942C-AAEE-46C1-8ABE-B0CDFDB06870} = {08885E03-202E-427E-812E-49D7FD7263E1}
		{A4C73D5D-BF79-48C8-801C-432B68D26B5F} = {08885E03-202E-427E-812E-49D7FD7263E1}
		{66696936-FE62-49A7-A1A4-035E9FE23A81} = {08885E03-202E-427E-812E-49D7FD7263E1}
		{B052D045-2604-453B-9DD2-D113E7C3F204} = {08885E03-202E-427E-812E-49D7FD7263E1}
		{43FF6BE4-0890-4D5C-A34E-03B1D6198829} = {08885E03-202E-427E-812E-49D7FD7263E1}
		{2A9426E5-1E42-419B-86B6-E8D62FBBADA0} = {08885E03-202E-427E-812E-49D7FD7263E1}
		{6911CF23-BA83-4803-915A-D50B3D1BD13B} = {08885E03-202E-427E-812E-49D7FD7263E1}
		{C733A5F8-88AE-413B-98A8-2CF30E057337} = {08885E03-202E-427E-812E-49D7FD7263E1}
		{D512AF5D-F1D0-4D6F-8911-D13BFCF503DD} = {08885E03-202E-427E-812E-49D7FD7263E1}
		{BF20281A-A312-4262-A8B6-D06F9868BBAE} = {08885E03-202E-427E-812E-49D7FD7263E1}
		{3494F55D-E550-4FB7-B451-01E5E94813E2} = {08885E03-202E-427E-812E-49D7FD7263E1}
		{9464BF02-5BFC-472A-A53B-EB8F1D3A7A44} = {08885E03-202E-427E-812E-49D7FD7263E1}
		{30FB857F-31E1-4BA7-ACBF-C743E9820A4D} = {C4BCF3D6-7537-485C-99E8-28841BBFD29D}
		{F3AF7130-F8D7-45D9-9127-B67660C4CF5D} = {C4BCF3D6-7537-485C-99E8-28841BBFD29D}
		{584FB268-1F5A-47E5-AE6E-1272048D4305} = {C4BCF3D6-7537-485C-99E8-28841BBFD29D}
	EndGlobalSection
	GlobalSection(ExtensibilityGlobals) = postSolution
		SolutionGuid = {73D36F8E-0E57-416E-BB67-BDEAADCDE5AA}
	EndGlobalSection
EndGlobal
